{
  "name": "ECS-Nikk",
  "lockfileVersion": 3,
  "requires": true,
  "packages": {
    "": {
      "dependencies": {
        "@splinetool/react-spline": "^4.0.0",
        "@tsparticles/react": "^3.0.0",
        "@tsparticles/slim": "^3.7.1",
        "classnames": "^2.5.1",
        "mdb-react-ui-kit": "^9.0.0",
        "react-icons": "^5.4.0"
      }
    },
    "node_modules/@emotion/is-prop-valid": {
      "version": "0.8.8",
      "resolved": "https://registry.npmjs.org/@emotion/is-prop-valid/-/is-prop-valid-0.8.8.tgz",
      "integrity": "sha512-u5WtneEAr5IDG2Wv65yhunPSMLIpuKsbuOktRojfrEiEvRyC85LgPMZI63cr7NUqT8ZIGdSVg8ZKGxIug4lXcA==",
      "license": "MIT",
      "optional": true,
      "dependencies": {
        "@emotion/memoize": "0.7.4"
      }
    },
    "node_modules/@emotion/memoize": {
      "version": "0.7.4",
      "resolved": "https://registry.npmjs.org/@emotion/memoize/-/memoize-0.7.4.tgz",
      "integrity": "sha512-Ja/Vfqe3HpuzRsG1oBtWTHk2PGZ7GR+2Vz5iYGelAw8dx32K0y7PjVuxK6z1nMpZOqAFsRUPCkK1YjJ56qJlgw==",
      "license": "MIT",
      "optional": true
    },
    "node_modules/@popperjs/core": {
      "version": "2.11.5",
      "resolved": "https://registry.npmjs.org/@popperjs/core/-/core-2.11.5.tgz",
      "integrity": "sha512-9X2obfABZuDVLCgPK9aX0a/x4jaOEweTTWE2+9sr0Qqqevj2Uv5XorvusThmc9XGYpS9yI+fhh8RTafBtGposw==",
      "license": "MIT",
      "funding": {
        "type": "opencollective",
        "url": "https://opencollective.com/popperjs"
      }
    },
    "node_modules/@splinetool/react-spline": {
      "version": "4.0.0",
      "resolved": "https://registry.npmjs.org/@splinetool/react-spline/-/react-spline-4.0.0.tgz",
      "integrity": "sha512-FqrV7/K2q998Y0t83QUauQxsifKWAg9CFZoSb64qRuH7IfHkDs5/OgU1ACkg0aTgsEPtFlH+kATQ+8X6MrizHQ==",
      "dependencies": {
        "blurhash": "2.0.5",
        "lodash.debounce": "4.0.8",
        "react-merge-refs": "2.1.1",
        "thumbhash": "0.1.1"
      },
      "peerDependencies": {
        "@splinetool/runtime": "*",
        "next": ">=14.2.0",
        "react": "*",
        "react-dom": "*"
      },
      "peerDependenciesMeta": {
        "next": {
          "optional": true
        }
      }
    },
    "node_modules/@splinetool/runtime": {
      "version": "1.9.59",
      "resolved": "https://registry.npmjs.org/@splinetool/runtime/-/runtime-1.9.59.tgz",
      "integrity": "sha512-EX+/4xCMAr22dR7ZgR+HNVc0ZwDO8y9CxlKJMqP2BEUP3oe5RAouTyn5uUHgOEHQ1JQ0VSV8vARfdigQ/hyI7w==",
      "peer": true,
      "dependencies": {
        "on-change": "^4.0.0",
        "semver-compare": "^1.0.0"
      }
    },
    "node_modules/@tsparticles/basic": {
      "version": "3.7.1",
      "resolved": "https://registry.npmjs.org/@tsparticles/basic/-/basic-3.7.1.tgz",
      "integrity": "sha512-oJMJ3qzYUROYaOEsaFXkVynxT2OTWBXbQ9MNc1bJi/bVc1VOU44VN7X/KmiZjD+w1U+Qalk6BeVvDRwpFshblw==",
      "funding": [
        {
          "type": "github",
          "url": "https://github.com/sponsors/matteobruni"
        },
        {
          "type": "github",
          "url": "https://github.com/sponsors/tsparticles"
        },
        {
          "type": "buymeacoffee",
          "url": "https://www.buymeacoffee.com/matteobruni"
        }
      ],
      "license": "MIT",
      "dependencies": {
        "@tsparticles/engine": "3.7.1",
        "@tsparticles/move-base": "3.7.1",
        "@tsparticles/plugin-hex-color": "3.7.1",
        "@tsparticles/plugin-hsl-color": "3.7.1",
        "@tsparticles/plugin-rgb-color": "3.7.1",
        "@tsparticles/shape-circle": "3.7.1",
        "@tsparticles/updater-color": "3.7.1",
        "@tsparticles/updater-opacity": "3.7.1",
        "@tsparticles/updater-out-modes": "3.7.1",
        "@tsparticles/updater-size": "3.7.1"
      }
    },
    "node_modules/@tsparticles/engine": {
      "version": "3.7.1",
      "resolved": "https://registry.npmjs.org/@tsparticles/engine/-/engine-3.7.1.tgz",
      "integrity": "sha512-GYzBgq/oOE9YJdOL1++MoawWmYg4AvVct6CIrJGx84ZRb3U2owYmLsRGabYl0qX1CWWOvUG569043RJmyp/vQA==",
      "funding": [
        {
          "type": "github",
          "url": "https://github.com/sponsors/matteobruni"
        },
        {
          "type": "github",
          "url": "https://github.com/sponsors/tsparticles"
        },
        {
          "type": "buymeacoffee",
          "url": "https://www.buymeacoffee.com/matteobruni"
        }
      ],
      "hasInstallScript": true,
      "license": "MIT"
    },
    "node_modules/@tsparticles/interaction-external-attract": {
      "version": "3.7.1",
      "resolved": "https://registry.npmjs.org/@tsparticles/interaction-external-attract/-/interaction-external-attract-3.7.1.tgz",
      "integrity": "sha512-cpnMsFJ7ZJNKccpQvskKvSs1ofknByHE6FGqbEb17ij7HqvbECQOCOVKHPFnYipHe14cXor/Cd+nVisRcTASoQ==",
      "license": "MIT",
      "dependencies": {
        "@tsparticles/engine": "3.7.1"
      }
    },
    "node_modules/@tsparticles/interaction-external-bounce": {
      "version": "3.7.1",
      "resolved": "https://registry.npmjs.org/@tsparticles/interaction-external-bounce/-/interaction-external-bounce-3.7.1.tgz",
      "integrity": "sha512-npvU9Qt6WDonjezHqi+hWM44ga2Oh5yXdr8eSoJpvuHZrCP7rIdRSz5XseHouO1bMS9DbXk86sx4qwrhB5w58w==",
      "license": "MIT",
      "dependencies": {
        "@tsparticles/engine": "3.7.1"
      }
    },
    "node_modules/@tsparticles/interaction-external-bubble": {
      "version": "3.7.1",
      "resolved": "https://registry.npmjs.org/@tsparticles/interaction-external-bubble/-/interaction-external-bubble-3.7.1.tgz",
      "integrity": "sha512-WdbYL46lMfuf2g5kfVB1hhhxRBtEXDvnwz8PJwLKurSThL/27bqsqysyXsMzXtLByXUneGhtJTj4D5I5RYdgjA==",
      "license": "MIT",
      "dependencies": {
        "@tsparticles/engine": "3.7.1"
      }
    },
    "node_modules/@tsparticles/interaction-external-connect": {
      "version": "3.7.1",
      "resolved": "https://registry.npmjs.org/@tsparticles/interaction-external-connect/-/interaction-external-connect-3.7.1.tgz",
      "integrity": "sha512-hqx0ANIbjLIz/nxmk0LvqANBiNLLmVybbCA7N+xDHtEORvpKjNlKEvMz6Razocl6vRjoHZ/olSwcxIG84dh/cg==",
      "license": "MIT",
      "dependencies": {
        "@tsparticles/engine": "3.7.1"
      }
    },
    "node_modules/@tsparticles/interaction-external-grab": {
      "version": "3.7.1",
      "resolved": "https://registry.npmjs.org/@tsparticles/interaction-external-grab/-/interaction-external-grab-3.7.1.tgz",
      "integrity": "sha512-JMYpFW+7YvkpK5MYlt4Ec3Gwb5ZxS7RLVL8IRUSd5yJOw25husPTYg+FQywxrt5WhKe+tPsCAYo+uGIbTTHi9w==",
      "license": "MIT",
      "dependencies": {
        "@tsparticles/engine": "3.7.1"
      }
    },
    "node_modules/@tsparticles/interaction-external-pause": {
      "version": "3.7.1",
      "resolved": "https://registry.npmjs.org/@tsparticles/interaction-external-pause/-/interaction-external-pause-3.7.1.tgz",
      "integrity": "sha512-Kkp+7sCe24hawH0XvS1V6UCCuHfMvpLK7oseqSam9Gt4SyGrFvaqIXxkjXhRhn9MysJyKFPBV4/dtBM1HR9p6A==",
      "license": "MIT",
      "dependencies": {
        "@tsparticles/engine": "3.7.1"
      }
    },
    "node_modules/@tsparticles/interaction-external-push": {
      "version": "3.7.1",
      "resolved": "https://registry.npmjs.org/@tsparticles/interaction-external-push/-/interaction-external-push-3.7.1.tgz",
      "integrity": "sha512-4VoaR5jvXgQdB7irtq4uSZYr5c+D6TBTVEnLVpBfJhUs6jhw6mgN5g7yp5izIYkK0AlcO431MHn8dvJacvRLDw==",
      "license": "MIT",
      "dependencies": {
        "@tsparticles/engine": "3.7.1"
      }
    },
    "node_modules/@tsparticles/interaction-external-remove": {
      "version": "3.7.1",
      "resolved": "https://registry.npmjs.org/@tsparticles/interaction-external-remove/-/interaction-external-remove-3.7.1.tgz",
      "integrity": "sha512-FRBW7U7zD5MkO6/b7e8iSMk/UTtRLY2XiIVFZNsKri3Re3yPpvZzzd5tl2YlYGQlg1Xc+K8SJYMQQA3PtgQ/Tg==",
      "license": "MIT",
      "dependencies": {
        "@tsparticles/engine": "3.7.1"
      }
    },
    "node_modules/@tsparticles/interaction-external-repulse": {
      "version": "3.7.1",
      "resolved": "https://registry.npmjs.org/@tsparticles/interaction-external-repulse/-/interaction-external-repulse-3.7.1.tgz",
      "integrity": "sha512-mwM06dVmg2FEvHMQsPOfRBQWACbjf3qnelODkqI9DSVxQ0B8DESP4BYNXyraFGYv00YiPzRv5Xy/uejHdbsQUA==",
      "license": "MIT",
      "dependencies": {
        "@tsparticles/engine": "3.7.1"
      }
    },
    "node_modules/@tsparticles/interaction-external-slow": {
      "version": "3.7.1",
      "resolved": "https://registry.npmjs.org/@tsparticles/interaction-external-slow/-/interaction-external-slow-3.7.1.tgz",
      "integrity": "sha512-CfCAs3kUQC3pLOj0dbzn5AolQyBHgjxORLdfnYBhepvFV1BXB+4ytChRfXBzjykBPI6U+rCnw5Fk/vVjAroSFA==",
      "license": "MIT",
      "dependencies": {
        "@tsparticles/engine": "3.7.1"
      }
    },
    "node_modules/@tsparticles/interaction-particles-attract": {
      "version": "3.7.1",
      "resolved": "https://registry.npmjs.org/@tsparticles/interaction-particles-attract/-/interaction-particles-attract-3.7.1.tgz",
      "integrity": "sha512-UABbBORKaiItAT8vR0t4ye2H3VE6/Ah4zcylBlnq0Jd5yDkyP4rnkwhicaY6y4Zlfwyx+0PWdAC4f/ziFAyObg==",
      "license": "MIT",
      "dependencies": {
        "@tsparticles/engine": "3.7.1"
      }
    },
    "node_modules/@tsparticles/interaction-particles-collisions": {
      "version": "3.7.1",
      "resolved": "https://registry.npmjs.org/@tsparticles/interaction-particles-collisions/-/interaction-particles-collisions-3.7.1.tgz",
      "integrity": "sha512-0GY9++Gn2KXViyeifXWkH7a2UO5+uRwyS1rDeTN8eleyiq2j9zQf4xztZEIft8T0hTetq2rkWxQ92j2kev6NVA==",
      "license": "MIT",
      "dependencies": {
        "@tsparticles/engine": "3.7.1"
      }
    },
    "node_modules/@tsparticles/interaction-particles-links": {
      "version": "3.7.1",
      "resolved": "https://registry.npmjs.org/@tsparticles/interaction-particles-links/-/interaction-particles-links-3.7.1.tgz",
      "integrity": "sha512-BxCXAAOBNmEvlyOQzwprryW8YdtMIop2v4kgSCff5MCtDwYWoQIfzaQlWbBAkD9ey6BoF8iMjhBUaY1MnDecTA==",
      "license": "MIT",
      "dependencies": {
        "@tsparticles/engine": "3.7.1"
      }
    },
    "node_modules/@tsparticles/move-base": {
      "version": "3.7.1",
      "resolved": "https://registry.npmjs.org/@tsparticles/move-base/-/move-base-3.7.1.tgz",
      "integrity": "sha512-LPtMHwJHhzwfRIcSAk814fY9NcRiICwaEbapaJSYyP1DwscSXqOWoyAEWwzV9hMgAcPdsED6nGeg8RCXGm58lw==",
      "license": "MIT",
      "dependencies": {
        "@tsparticles/engine": "3.7.1"
      }
    },
    "node_modules/@tsparticles/move-parallax": {
      "version": "3.7.1",
      "resolved": "https://registry.npmjs.org/@tsparticles/move-parallax/-/move-parallax-3.7.1.tgz",
      "integrity": "sha512-B40azo6EJyMdI+kmIxpqWDaObPwODTYLDCikzkZ73n5tS6OhFUlkz81Scfo+g1iGTdryKFygUKhVGcG1EFuA5g==",
      "license": "MIT",
      "dependencies": {
        "@tsparticles/engine": "3.7.1"
      }
    },
    "node_modules/@tsparticles/plugin-easing-quad": {
      "version": "3.7.1",
      "resolved": "https://registry.npmjs.org/@tsparticles/plugin-easing-quad/-/plugin-easing-quad-3.7.1.tgz",
      "integrity": "sha512-nSwKCRe6C/noCi3dyZlm1GiQGask0aXdWDuS36b82iwzwQ01cBTXeXR25mLr4fsfMLFfYAZXyBxEMMpw3rkSiw==",
      "funding": [
        {
          "type": "github",
          "url": "https://github.com/sponsors/matteobruni"
        },
        {
          "type": "github",
          "url": "https://github.com/sponsors/tsparticles"
        },
        {
          "type": "buymeacoffee",
          "url": "https://www.buymeacoffee.com/matteobruni"
        }
      ],
      "license": "MIT",
      "dependencies": {
        "@tsparticles/engine": "3.7.1"
      }
    },
    "node_modules/@tsparticles/plugin-hex-color": {
      "version": "3.7.1",
      "resolved": "https://registry.npmjs.org/@tsparticles/plugin-hex-color/-/plugin-hex-color-3.7.1.tgz",
      "integrity": "sha512-7xu3MV8EdNNejjYyEmrq5fCDdYAcqz/9VatLpnwtwR5Q5t2qI0tD4CrcGaFfC/rTAVJacfiJe02UV/hlj03KKA==",
      "funding": [
        {
          "type": "github",
          "url": "https://github.com/sponsors/matteobruni"
        },
        {
          "type": "github",
          "url": "https://github.com/sponsors/tsparticles"
        },
        {
          "type": "buymeacoffee",
          "url": "https://www.buymeacoffee.com/matteobruni"
        }
      ],
      "license": "MIT",
      "dependencies": {
        "@tsparticles/engine": "3.7.1"
      }
    },
    "node_modules/@tsparticles/plugin-hsl-color": {
      "version": "3.7.1",
      "resolved": "https://registry.npmjs.org/@tsparticles/plugin-hsl-color/-/plugin-hsl-color-3.7.1.tgz",
      "integrity": "sha512-zzAI1CuoCMBJhgeYZ5Rq42nGbPg35ZzIs11eQegjsWG5Msm5QKSj60qPzERnoUcCc4HCKtIWP7rYMz6h3xpoEg==",
      "funding": [
        {
          "type": "github",
          "url": "https://github.com/sponsors/matteobruni"
        },
        {
          "type": "github",
          "url": "https://github.com/sponsors/tsparticles"
        },
        {
          "type": "buymeacoffee",
          "url": "https://www.buymeacoffee.com/matteobruni"
        }
      ],
      "license": "MIT",
      "dependencies": {
        "@tsparticles/engine": "3.7.1"
      }
    },
    "node_modules/@tsparticles/plugin-rgb-color": {
      "version": "3.7.1",
      "resolved": "https://registry.npmjs.org/@tsparticles/plugin-rgb-color/-/plugin-rgb-color-3.7.1.tgz",
      "integrity": "sha512-taEraTpCYR6jpjflqBL95tN0zFU8JrAChXTt8mxVn7gddxoNMHI/LGymEPRCweLukwV6GQyAGOkeGEdWDPtYTA==",
      "funding": [
        {
          "type": "github",
          "url": "https://github.com/sponsors/matteobruni"
        },
        {
          "type": "github",
          "url": "https://github.com/sponsors/tsparticles"
        },
        {
          "type": "buymeacoffee",
          "url": "https://www.buymeacoffee.com/matteobruni"
        }
      ],
      "license": "MIT",
      "dependencies": {
        "@tsparticles/engine": "3.7.1"
      }
    },
    "node_modules/@tsparticles/react": {
      "version": "3.0.0",
      "resolved": "https://registry.npmjs.org/@tsparticles/react/-/react-3.0.0.tgz",
      "integrity": "sha512-hjGEtTT1cwv6BcjL+GcVgH++KYs52bIuQGW3PWv7z3tMa8g0bd6RI/vWSLj7p//NZ3uTjEIeilYIUPBh7Jfq/Q==",
      "peerDependencies": {
        "@tsparticles/engine": "^3.0.2",
        "react": ">=16.8.0",
        "react-dom": ">=16.8.0"
      }
    },
    "node_modules/@tsparticles/shape-circle": {
      "version": "3.7.1",
      "resolved": "https://registry.npmjs.org/@tsparticles/shape-circle/-/shape-circle-3.7.1.tgz",
      "integrity": "sha512-kmOWaUuFwuTtcCFYjuyJbdA5qDqWdGsharLalYnIczkLu2c1I8jJo/OmGePKhWn62ocu7mqKMomfElkIcw2AsA==",
      "license": "MIT",
      "dependencies": {
        "@tsparticles/engine": "3.7.1"
      }
    },
    "node_modules/@tsparticles/shape-emoji": {
      "version": "3.7.1",
      "resolved": "https://registry.npmjs.org/@tsparticles/shape-emoji/-/shape-emoji-3.7.1.tgz",
      "integrity": "sha512-mX18c/xhYVljS/r5Xbowzclw+1YwhtWoQFOOfkmjjZppA+RjgcwSKLvH6E20PaH1yVTjBOfSF+3POKpwsULzTg==",
      "license": "MIT",
      "dependencies": {
        "@tsparticles/engine": "3.7.1"
      }
    },
    "node_modules/@tsparticles/shape-image": {
      "version": "3.7.1",
      "resolved": "https://registry.npmjs.org/@tsparticles/shape-image/-/shape-image-3.7.1.tgz",
      "integrity": "sha512-eDzfkQhqLY6fb9QH2Vo9TGfdJBFFpYnojhxQxc7IdzIwOFMD3JK4B52RVl9oowR+rNE8dNp6P2L+eMAF4yld0g==",
      "license": "MIT",
      "dependencies": {
        "@tsparticles/engine": "3.7.1"
      }
    },
    "node_modules/@tsparticles/shape-line": {
      "version": "3.7.1",
      "resolved": "https://registry.npmjs.org/@tsparticles/shape-line/-/shape-line-3.7.1.tgz",
      "integrity": "sha512-lMPYApUpg7avxmYPfHHr4dQepZSNn/g0Q1/g2+lnTi8ZtUBiCZ2WMVy9R3GOzyozbnzigLQ6AJRnOpsUZV7H4g==",
      "license": "MIT",
      "dependencies": {
        "@tsparticles/engine": "3.7.1"
      }
    },
    "node_modules/@tsparticles/shape-polygon": {
      "version": "3.7.1",
      "resolved": "https://registry.npmjs.org/@tsparticles/shape-polygon/-/shape-polygon-3.7.1.tgz",
      "integrity": "sha512-5FrRfpYC3qnvV2nXBLE4Q0v+SMNWJO8xgzh6MBFwfptvqH4EOrqc/58eS5x0jlf+evwf9LjPgeGkOTcwaHHcYQ==",
      "license": "MIT",
      "dependencies": {
        "@tsparticles/engine": "3.7.1"
      }
    },
    "node_modules/@tsparticles/shape-square": {
      "version": "3.7.1",
      "resolved": "https://registry.npmjs.org/@tsparticles/shape-square/-/shape-square-3.7.1.tgz",
      "integrity": "sha512-7VCqbRwinjBZ+Ryme27rOtl+jKrET8qDthqZLrAoj3WONBqyt+R9q6SXAJ9WodqEX68IBvcluqbFY5qDZm8iAQ==",
      "license": "MIT",
      "dependencies": {
        "@tsparticles/engine": "3.7.1"
      }
    },
    "node_modules/@tsparticles/shape-star": {
      "version": "3.7.1",
      "resolved": "https://registry.npmjs.org/@tsparticles/shape-star/-/shape-star-3.7.1.tgz",
      "integrity": "sha512-3G4oipioyWKLEQYT11Sx3k6AObu3dbv/A5LRqGGTQm5IR6UACa+INwykZYI0a+MdJJMb83E0e4Fn3hlZbi0/8w==",
      "license": "MIT",
      "dependencies": {
        "@tsparticles/engine": "3.7.1"
      }
    },
    "node_modules/@tsparticles/slim": {
      "version": "3.7.1",
      "resolved": "https://registry.npmjs.org/@tsparticles/slim/-/slim-3.7.1.tgz",
      "integrity": "sha512-OtJEhud2KleX7OxiG2r/VYriHNIwTpFm3sPFy4EOJzAD0EW7KZoKXGpGn5gwGI1NWeB0jso92yNTrTC2ZTW0qw==",
      "funding": [
        {
          "type": "github",
          "url": "https://github.com/sponsors/matteobruni"
        },
        {
          "type": "github",
          "url": "https://github.com/sponsors/tsparticles"
        },
        {
          "type": "buymeacoffee",
          "url": "https://www.buymeacoffee.com/matteobruni"
        }
      ],
      "license": "MIT",
      "dependencies": {
        "@tsparticles/basic": "3.7.1",
        "@tsparticles/engine": "3.7.1",
        "@tsparticles/interaction-external-attract": "3.7.1",
        "@tsparticles/interaction-external-bounce": "3.7.1",
        "@tsparticles/interaction-external-bubble": "3.7.1",
        "@tsparticles/interaction-external-connect": "3.7.1",
        "@tsparticles/interaction-external-grab": "3.7.1",
        "@tsparticles/interaction-external-pause": "3.7.1",
        "@tsparticles/interaction-external-push": "3.7.1",
        "@tsparticles/interaction-external-remove": "3.7.1",
        "@tsparticles/interaction-external-repulse": "3.7.1",
        "@tsparticles/interaction-external-slow": "3.7.1",
        "@tsparticles/interaction-particles-attract": "3.7.1",
        "@tsparticles/interaction-particles-collisions": "3.7.1",
        "@tsparticles/interaction-particles-links": "3.7.1",
        "@tsparticles/move-parallax": "3.7.1",
        "@tsparticles/plugin-easing-quad": "3.7.1",
        "@tsparticles/shape-emoji": "3.7.1",
        "@tsparticles/shape-image": "3.7.1",
        "@tsparticles/shape-line": "3.7.1",
        "@tsparticles/shape-polygon": "3.7.1",
        "@tsparticles/shape-square": "3.7.1",
        "@tsparticles/shape-star": "3.7.1",
        "@tsparticles/updater-life": "3.7.1",
        "@tsparticles/updater-rotate": "3.7.1",
        "@tsparticles/updater-stroke-color": "3.7.1"
      }
    },
    "node_modules/@tsparticles/updater-color": {
      "version": "3.7.1",
      "resolved": "https://registry.npmjs.org/@tsparticles/updater-color/-/updater-color-3.7.1.tgz",
      "integrity": "sha512-QimV3yn17dcdJx7PpTwLtw9BhkQ0q8qFF035OdcZpnynBPAO/hg0zvSMpMGoeuDVFH02wWBy4h2/BYCv6wh6Sw==",
      "license": "MIT",
      "dependencies": {
        "@tsparticles/engine": "3.7.1"
      }
    },
    "node_modules/@tsparticles/updater-life": {
      "version": "3.7.1",
      "resolved": "https://registry.npmjs.org/@tsparticles/updater-life/-/updater-life-3.7.1.tgz",
      "integrity": "sha512-NY5gUrgO5AsARNC0usP9PKahXf7JCxbP/H1vzTfA0SJw4veANfWTldOvhIlcm2CHVP5P1b827p0hWsBHECwz7A==",
      "license": "MIT",
      "dependencies": {
        "@tsparticles/engine": "3.7.1"
      }
    },
    "node_modules/@tsparticles/updater-opacity": {
      "version": "3.7.1",
      "resolved": "https://registry.npmjs.org/@tsparticles/updater-opacity/-/updater-opacity-3.7.1.tgz",
      "integrity": "sha512-YcyviCooTv7SAKw7sxd84CfJqZ7dYPSdYZzCpedV6TKIObRiwLqXlyLXQGJ3YltghKQSCSolmVy8woWBCDm1qA==",
      "license": "MIT",
      "dependencies": {
        "@tsparticles/engine": "3.7.1"
      }
    },
    "node_modules/@tsparticles/updater-out-modes": {
      "version": "3.7.1",
      "resolved": "https://registry.npmjs.org/@tsparticles/updater-out-modes/-/updater-out-modes-3.7.1.tgz",
      "integrity": "sha512-Cb5sWquRtUYLSiFpmBjjYKRdpNV52diCo9+qMtK1oVlldDBhUwqO+1TQjdlaA2yl5DURlY9ZfOHXvY+IT7CHCw==",
      "license": "MIT",
      "dependencies": {
        "@tsparticles/engine": "3.7.1"
      }
    },
    "node_modules/@tsparticles/updater-rotate": {
      "version": "3.7.1",
      "resolved": "https://registry.npmjs.org/@tsparticles/updater-rotate/-/updater-rotate-3.7.1.tgz",
      "integrity": "sha512-toVHwl+h6SvtA8dyxSA2kMH2QdDA71vehuAa+HoRqf1y06h5kxyYiMKZFHCqDJ6lFfRPs47MjrC9dD2bDz14MQ==",
      "license": "MIT",
      "dependencies": {
        "@tsparticles/engine": "3.7.1"
      }
    },
    "node_modules/@tsparticles/updater-size": {
      "version": "3.7.1",
      "resolved": "https://registry.npmjs.org/@tsparticles/updater-size/-/updater-size-3.7.1.tgz",
      "integrity": "sha512-+Y0H0PnDJVIsJ+zHTyubYu1jtRFmVnY1dAv3VCjScIDw6bcpL/ol+HrtHTGIX0WbMyUfjCyALfAoaXi/Wm8VcQ==",
      "license": "MIT",
      "dependencies": {
        "@tsparticles/engine": "3.7.1"
      }
    },
    "node_modules/@tsparticles/updater-stroke-color": {
      "version": "3.7.1",
      "resolved": "https://registry.npmjs.org/@tsparticles/updater-stroke-color/-/updater-stroke-color-3.7.1.tgz",
      "integrity": "sha512-VHhQkCNuxjx/Hy7A+g0Yijb24T0+wQ3jNsF/yfrR9dEdZWSBiimZLvV1bilPdAeEtieAJTAZo2VNhcD1snF0iQ==",
      "license": "MIT",
      "dependencies": {
        "@tsparticles/engine": "3.7.1"
      }
    },
    "node_modules/@types/prop-types": {
      "version": "15.7.14",
      "resolved": "https://registry.npmjs.org/@types/prop-types/-/prop-types-15.7.14.tgz",
      "integrity": "sha512-gNMvNH49DJ7OJYv+KAKn0Xp45p8PLl6zo2YnvDIbTd4J6MER2BmWN49TG7n9LvkyihINxeKW8+3bfS2yDC9dzQ==",
      "license": "MIT",
      "peer": true
    },
    "node_modules/@types/react": {
      "version": "18.3.18",
      "resolved": "https://registry.npmjs.org/@types/react/-/react-18.3.18.tgz",
      "integrity": "sha512-t4yC+vtgnkYjNSKlFx1jkAhH8LgTo2N/7Qvi83kdEaUtMDiwpbLAktKDaAMlRcJ5eSxZkH74eEGt1ky31d7kfQ==",
      "license": "MIT",
      "peer": true,
      "dependencies": {
        "@types/prop-types": "*",
        "csstype": "^3.0.2"
      }
    },
    "node_modules/@types/react-dom": {
      "version": "18.3.5",
      "resolved": "https://registry.npmjs.org/@types/react-dom/-/react-dom-18.3.5.tgz",
      "integrity": "sha512-P4t6saawp+b/dFrUr2cvkVsfvPguwsxtH6dNIYRllMsefqFzkZk5UIjzyDOv5g1dXIPdG4Sp1yCR4Z6RCUsG/Q==",
      "license": "MIT",
      "peer": true,
      "peerDependencies": {
        "@types/react": "^18.0.0"
      }
    },
    "node_modules/blurhash": {
      "version": "2.0.5",
      "resolved": "https://registry.npmjs.org/blurhash/-/blurhash-2.0.5.tgz",
      "integrity": "sha512-cRygWd7kGBQO3VEhPiTgq4Wc43ctsM+o46urrmPOiuAe+07fzlSB9OJVdpgDL0jPqXUVQ9ht7aq7kxOeJHRK+w==",
      "license": "MIT"
    },
    "node_modules/classnames": {
      "version": "2.5.1",
      "resolved": "https://registry.npmjs.org/classnames/-/classnames-2.5.1.tgz",
      "integrity": "sha512-saHYOzhIQs6wy2sVxTM6bUDsQO4F50V9RQ22qBpEdCW+I+/Wmke2HOl6lS6dTpdxVhb88/I6+Hs+438c3lfUow==",
      "license": "MIT"
    },
    "node_modules/clsx": {
      "version": "1.1.1",
      "resolved": "https://registry.npmjs.org/clsx/-/clsx-1.1.1.tgz",
      "integrity": "sha512-6/bPho624p3S2pMyvP5kKBPXnI3ufHLObBFCfgx+LkeR5lg2XYy2hqZqUf45ypD8COn2bhgGJSUE+l5dhNBieA==",
      "license": "MIT",
      "engines": {
        "node": ">=6"
      }
    },
    "node_modules/csstype": {
      "version": "3.1.3",
      "resolved": "https://registry.npmjs.org/csstype/-/csstype-3.1.3.tgz",
      "integrity": "sha512-M1uQkMl8rQK/szD0LNhtqxIPLpimGm8sOBwU7lLnCpSbTyY3yeU1Vc7l4KT5zT4s/yOxHH5O7tIuuLOCnLADRw==",
      "license": "MIT",
      "peer": true
    },
    "node_modules/framer-motion": {
      "version": "10.18.0",
      "resolved": "https://registry.npmjs.org/framer-motion/-/framer-motion-10.18.0.tgz",
      "integrity": "sha512-oGlDh1Q1XqYPksuTD/usb0I70hq95OUzmL9+6Zd+Hs4XV0oaISBa/UUMSjYiq6m8EUF32132mOJ8xVZS+I0S6w==",
      "license": "MIT",
      "dependencies": {
        "tslib": "^2.4.0"
      },
      "optionalDependencies": {
        "@emotion/is-prop-valid": "^0.8.2"
      },
      "peerDependencies": {
        "react": "^18.0.0",
        "react-dom": "^18.0.0"
      },
      "peerDependenciesMeta": {
        "react": {
          "optional": true
        },
        "react-dom": {
          "optional": true
        }
      }
    },
    "node_modules/js-tokens": {
      "version": "4.0.0",
      "resolved": "https://registry.npmjs.org/js-tokens/-/js-tokens-4.0.0.tgz",
      "integrity": "sha512-RdJUflcE3cUzKiMqQgsCu06FPu9UdIJO0beYbPhHN4k6apgJtifcoCtT9bcxOpYBtpD2kCM6Sbzg4CausW/PKQ==",
      "license": "MIT"
    },
    "node_modules/lodash.debounce": {
      "version": "4.0.8",
      "resolved": "https://registry.npmjs.org/lodash.debounce/-/lodash.debounce-4.0.8.tgz",
      "integrity": "sha512-FT1yDzDYEoYWhnSGnpE/4Kj1fLZkDFyqRb7fNt6FdYOSxlUWAtp42Eh6Wb0rGIv/m9Bgo7x4GhQbm5Ys4SG5ow==",
      "license": "MIT"
    },
    "node_modules/loose-envify": {
      "version": "1.4.0",
      "resolved": "https://registry.npmjs.org/loose-envify/-/loose-envify-1.4.0.tgz",
      "integrity": "sha512-lyuxPGr/Wfhrlem2CL/UcnUc1zcqKAImBDzukY7Y5F/yQiNdko6+fRLevlw1HgMySw7f611UIY408EtxRSoK3Q==",
      "license": "MIT",
      "dependencies": {
        "js-tokens": "^3.0.0 || ^4.0.0"
      },
      "bin": {
        "loose-envify": "cli.js"
      }
    },
    "node_modules/mdb-react-ui-kit": {
      "version": "9.0.0",
      "resolved": "https://registry.npmjs.org/mdb-react-ui-kit/-/mdb-react-ui-kit-9.0.0.tgz",
      "integrity": "sha512-1c4r7WH6CSULnNjlJUaFWwGgzVXWmVA7IjLyrgCcVkQoQgknOeXmGIVrKls4nKrdlh1TmG5fbTJs+rDlAFVNlg==",
      "license": "SEE LICENSE IN <License.txt>",
      "dependencies": {
        "@popperjs/core": "2.11.5",
        "clsx": "1.1.1",
        "framer-motion": "^10.16.4",
        "react-popper": "2.3.0"
      },
      "peerDependencies": {
        "@types/react": "^18.0.9",
        "@types/react-dom": "^18.0.3",
        "react": "^18.1.0",
        "react-dom": "^18.1.0"
      }
    },
    "node_modules/on-change": {
      "version": "4.0.2",
      "resolved": "https://registry.npmjs.org/on-change/-/on-change-4.0.2.tgz",
      "integrity": "sha512-cMtCyuJmTx/bg2HCpHo3ZLeF7FZnBOapLqZHr2AlLeJ5Ul0Zu2mUJJz051Fdwu/Et2YW04ZD+TtU+gVy0ACNCA==",
      "license": "MIT",
      "peer": true,
      "engines": {
        "node": "^12.20.0 || ^14.13.1 || >=16.0.0"
      },
      "funding": {
        "url": "https://github.com/sindresorhus/on-change?sponsor=1"
      }
    },
    "node_modules/react": {
      "version": "18.3.1",
      "resolved": "https://registry.npmjs.org/react/-/react-18.3.1.tgz",
      "integrity": "sha512-wS+hAgJShR0KhEvPJArfuPVN1+Hz1t0Y6n5jLrGQbkb4urgPE/0Rve+1kMB1v/oWgHgm4WIcV+i7F2pTVj+2iQ==",
      "license": "MIT",
      "peer": true,
      "dependencies": {
        "loose-envify": "^1.1.0"
      },
      "engines": {
        "node": ">=0.10.0"
      }
    },
    "node_modules/react-dom": {
      "version": "18.3.1",
      "resolved": "https://registry.npmjs.org/react-dom/-/react-dom-18.3.1.tgz",
      "integrity": "sha512-5m4nQKp+rZRb09LNH59GM4BxTh9251/ylbKIbpe7TpGxfJ+9kv6BLkLBXIjjspbgbnIBNqlI23tRnTWT0snUIw==",
      "license": "MIT",
      "peer": true,
      "dependencies": {
        "loose-envify": "^1.1.0",
        "scheduler": "^0.23.2"
      },
      "peerDependencies": {
        "react": "^18.3.1"
      }
    },
    "node_modules/react-fast-compare": {
      "version": "3.2.2",
      "resolved": "https://registry.npmjs.org/react-fast-compare/-/react-fast-compare-3.2.2.tgz",
      "integrity": "sha512-nsO+KSNgo1SbJqJEYRE9ERzo7YtYbou/OqjSQKxV7jcKox7+usiUVZOAC+XnDOABXggQTno0Y1CpVnuWEc1boQ==",
      "license": "MIT"
    },
    "node_modules/react-icons": {
      "version": "5.4.0",
      "resolved": "https://registry.npmjs.org/react-icons/-/react-icons-5.4.0.tgz",
      "integrity": "sha512-7eltJxgVt7X64oHh6wSWNwwbKTCtMfK35hcjvJS0yxEAhPM8oUKdS3+kqaW1vicIltw+kR2unHaa12S9pPALoQ==",
      "license": "MIT",
      "peerDependencies": {
        "react": "*"
      }
    },
    "node_modules/react-merge-refs": {
      "version": "2.1.1",
      "resolved": "https://registry.npmjs.org/react-merge-refs/-/react-merge-refs-2.1.1.tgz",
      "integrity": "sha512-jLQXJ/URln51zskhgppGJ2ub7b2WFKGq3cl3NYKtlHoTG+dN2q7EzWrn3hN3EgPsTMvpR9tpq5ijdp7YwFZkag==",
      "license": "MIT",
      "funding": {
        "type": "github",
        "url": "https://github.com/sponsors/gregberge"
      }
    },
    "node_modules/react-popper": {
      "version": "2.3.0",
      "resolved": "https://registry.npmjs.org/react-popper/-/react-popper-2.3.0.tgz",
      "integrity": "sha512-e1hj8lL3uM+sgSR4Lxzn5h1GxBlpa4CQz0XLF8kx4MDrDRWY0Ena4c97PUeSX9i5W3UAfDP0z0FXCTQkoXUl3Q==",
      "license": "MIT",
      "dependencies": {
        "react-fast-compare": "^3.0.1",
        "warning": "^4.0.2"
      },
      "peerDependencies": {
        "@popperjs/core": "^2.0.0",
        "react": "^16.8.0 || ^17 || ^18",
        "react-dom": "^16.8.0 || ^17 || ^18"
      }
    },
    "node_modules/scheduler": {
      "version": "0.23.2",
      "resolved": "https://registry.npmjs.org/scheduler/-/scheduler-0.23.2.tgz",
      "integrity": "sha512-UOShsPwz7NrMUqhR6t0hWjFduvOzbtv7toDH1/hIrfRNIDBnnBWd0CwJTGvTpngVlmwGCdP9/Zl/tVrDqcuYzQ==",
      "license": "MIT",
      "peer": true,
      "dependencies": {
        "loose-envify": "^1.1.0"
      }
    },
    "node_modules/semver-compare": {
      "version": "1.0.0",
      "resolved": "https://registry.npmjs.org/semver-compare/-/semver-compare-1.0.0.tgz",
      "integrity": "sha512-YM3/ITh2MJ5MtzaM429anh+x2jiLVjqILF4m4oyQB18W7Ggea7BfqdH/wGMK7dDiMghv/6WG7znWMwUDzJiXow==",
      "license": "MIT",
      "peer": true
    },
    "node_modules/thumbhash": {
      "version": "0.1.1",
      "resolved": "https://registry.npmjs.org/thumbhash/-/thumbhash-0.1.1.tgz",
      "integrity": "sha512-kH5pKeIIBPQXAOni2AiY/Cu/NKdkFREdpH+TLdM0g6WA7RriCv0kPLgP731ady67MhTAqrVG/4mnEeibVuCJcg==",
      "license": "MIT"
    },
    "node_modules/tslib": {
      "version": "2.8.1",
      "resolved": "https://registry.npmjs.org/tslib/-/tslib-2.8.1.tgz",
      "integrity": "sha512-oJFu94HQb+KVduSUQL7wnpmqnfmLsOA/nAh6b6EH0wCEoK0/mPeXU6c3wKDV83MkOuHPRHtSXKKU99IBazS/2w==",
      "license": "0BSD"
    },
    "node_modules/warning": {
      "version": "4.0.3",
      "resolved": "https://registry.npmjs.org/warning/-/warning-4.0.3.tgz",
      "integrity": "sha512-rpJyN222KWIvHJ/F53XSZv0Zl/accqHR8et1kpaMTD/fLCRxtV8iX8czMzY7sVZupTI3zcUTg8eycS2kNF9l6w==",
      "license": "MIT",
      "dependencies": {
        "loose-envify": "^1.0.0"
      }
    }
  }
}
